
Microsoft Visual Studio Solution File, Format Version 12.00
# Visual Studio Version 17
VisualStudioVersion = 17.11.35327.3
MinimumVisualStudioVersion = 10.0.40219.1
Project("{FAE04EC0-301F-11D3-BF4B-00C04F79EFBC}") = "ProjetoPizzaria", "ProjetoPizzaria\ProjetoPizzaria.csproj", "{7DB16C7D-12F0-4C32-9444-D5F1A1FC9071}"
EndProject
Global
	GlobalSection(SolutionConfigurationPlatforms) = preSolution
		Debug|Any CPU = Debug|Any CPU
		Release|Any CPU = Release|Any CPU
	EndGlobalSection
	GlobalSection(ProjectConfigurationPlatforms) = postSolution
		{7DB16C7D-12F0-4C32-9444-D5F1A1FC9071}.Debug|Any CPU.ActiveCfg = Debug|Any CPU
		{7DB16C7D-12F0-4C32-9444-D5F1A1FC9071}.Debug|Any CPU.Build.0 = Debug|Any CPU
		{7DB16C7D-12F0-4C32-9444-D5F1A1FC9071}.Release|Any CPU.ActiveCfg = Release|Any CPU
		{7DB16C7D-12F0-4C32-9444-D5F1A1FC9071}.Release|Any CPU.Build.0 = Release|Any CPU
	EndGlobalSection
	GlobalSection(SolutionProperties) = preSolution
		HideSolutionNode = FALSE
	EndGlobalSection
	GlobalSection(ExtensibilityGlobals) = postSolution
		SolutionGuid = {A294657F-41D1-4D5E-8213-EA13D41DA47F}
	EndGlobalSection
EndGlobal
